<?xml version="1.0" encoding="utf-8"?>
<Project ToolsVersion="4.0" xmlns="http://schemas.microsoft.com/developer/msbuild/2003">
  <ItemGroup>
    <Filter Include="源文件">
      <UniqueIdentifier>{4FC737F1-C7A5-4376-A066-2A32D752A2FF}</UniqueIdentifier>
      <Extensions>cpp;c;cc;cxx;def;odl;idl;hpj;bat;asm;asmx</Extensions>
    </Filter>
    <Filter Include="头文件">
      <UniqueIdentifier>{93995380-89BD-4b04-88EB-625FBE52EBFB}</UniqueIdentifier>
      <Extensions>h;hh;hpp;hxx;hm;inl;inc;xsd</Extensions>
    </Filter>
    <Filter Include="资源文件">
      <UniqueIdentifier>{67DA6AB6-F800-4c08-8B7A-83BB121AAD01}</UniqueIdentifier>
      <Extensions>rc;ico;cur;bmp;dlg;rc2;rct;bin;rgs;gif;jpg;jpeg;jpe;resx;tiff;tif;png;wav;mfcribbon-ms</Extensions>
    </Filter>
    <Filter Include="common">
      <UniqueIdentifier>{1c356dec-b098-46b9-9036-006c99d0ae20}</UniqueIdentifier>
    </Filter>
    <Filter Include="other">
      <UniqueIdentifier>{9daa9b85-bf45-4eb6-864a-dc1301c7a7a3}</UniqueIdentifier>
    </Filter>
  </ItemGroup>
  <ItemGroup>
    <Text Include="ReadMe.txt" />
  </ItemGroup>
  <ItemGroup>
    <ClInclude Include="stdafx.h">
      <Filter>头文件</Filter>
    </ClInclude>
    <ClInclude Include="targetver.h">
      <Filter>头文件</Filter>
    </ClInclude>
    <ClInclude Include="AlgorithmTool.h">
      <Filter>common</Filter>
    </ClInclude>
    <ClInclude Include="AsmTool.h">
      <Filter>common</Filter>
    </ClInclude>
    <ClInclude Include="BoostLog.h">
      <Filter>common</Filter>
    </ClInclude>
    <ClInclude Include="ClassInstance.h">
      <Filter>common</Filter>
    </ClInclude>
    <ClInclude Include="CLSearchBase.h">
      <Filter>common</Filter>
    </ClInclude>
    <ClInclude Include="DebugOutput.h">
      <Filter>common</Filter>
    </ClInclude>
    <ClInclude Include="FileTool.h">
      <Filter>common</Filter>
    </ClInclude>
    <ClInclude Include="HandleMy.h">
      <Filter>common</Filter>
    </ClInclude>
    <ClInclude Include="IniFile.h">
      <Filter>common</Filter>
    </ClInclude>
    <ClInclude Include="NonCopyable.h">
      <Filter>common</Filter>
    </ClInclude>
    <ClInclude Include="ProcessTool.h">
      <Filter>common</Filter>
    </ClInclude>
    <ClInclude Include="PublicTool.h">
      <Filter>common</Filter>
    </ClInclude>
    <ClInclude Include="ShareStruct.h">
      <Filter>common</Filter>
    </ClInclude>
    <ClInclude Include="StringTool.h">
      <Filter>common</Filter>
    </ClInclude>
    <ClInclude Include="SystemTool.h">
      <Filter>common</Filter>
    </ClInclude>
    <ClInclude Include="InlineHook.h">
      <Filter>common</Filter>
    </ClInclude>
    <ClInclude Include="ResManager.h">
      <Filter>common</Filter>
    </ClInclude>
    <ClInclude Include="Language.h">
      <Filter>other</Filter>
    </ClInclude>
    <ClInclude Include="TimeTool.h">
      <Filter>common</Filter>
    </ClInclude>
    <ClInclude Include="tinyxml2.h">
      <Filter>common</Filter>
    </ClInclude>
    <ClInclude Include="PipeClient.h">
      <Filter>common</Filter>
    </ClInclude>
    <ClInclude Include="PipeServer.h">
      <Filter>common</Filter>
    </ClInclude>
    <ClInclude Include="ScreeShot.h">
      <Filter>common</Filter>
    </ClInclude>
    <ClInclude Include="Verification.h">
      <Filter>common</Filter>
    </ClInclude>
    <ClInclude Include="KeySimulation.h">
      <Filter>common</Filter>
    </ClInclude>
    <ClInclude Include="TimerFlag.h">
      <Filter>common</Filter>
    </ClInclude>
    <ClInclude Include="CmdParse.h">
      <Filter>头文件</Filter>
    </ClInclude>
    <ClInclude Include="SimpleLog.h">
      <Filter>common</Filter>
    </ClInclude>
    <ClInclude Include="CInlineHookEx.h">
      <Filter>头文件</Filter>
    </ClInclude>
    <ClInclude Include="NakedHook.h">
      <Filter>头文件</Filter>
    </ClInclude>
    <ClInclude Include="ZHook.h">
      <Filter>头文件</Filter>
    </ClInclude>
    <ClInclude Include="DelayCall.h">
      <Filter>头文件</Filter>
    </ClInclude>
    <ClInclude Include="OnceCall.h">
      <Filter>头文件</Filter>
    </ClInclude>
    <ClInclude Include="ThreadPool.h">
      <Filter>头文件</Filter>
    </ClInclude>
  </ItemGroup>
  <ItemGroup>
    <ClCompile Include="stdafx.cpp">
      <Filter>源文件</Filter>
    </ClCompile>
    <ClCompile Include="ToolTest.cpp">
      <Filter>源文件</Filter>
    </ClCompile>
    <ClCompile Include="AlgorithmTool.cpp">
      <Filter>common</Filter>
    </ClCompile>
    <ClCompile Include="AsmTool.cpp">
      <Filter>common</Filter>
    </ClCompile>
    <ClCompile Include="BoostLog.cpp">
      <Filter>common</Filter>
    </ClCompile>
    <ClCompile Include="CLSearchBase.cpp">
      <Filter>common</Filter>
    </ClCompile>
    <ClCompile Include="DebugOutput.cpp">
      <Filter>common</Filter>
    </ClCompile>
    <ClCompile Include="FileTool.cpp">
      <Filter>common</Filter>
    </ClCompile>
    <ClCompile Include="HandleMy.cpp">
      <Filter>common</Filter>
    </ClCompile>
    <ClCompile Include="IniFile.cpp">
      <Filter>common</Filter>
    </ClCompile>
    <ClCompile Include="PublicTool.cpp">
      <Filter>common</Filter>
    </ClCompile>
    <ClCompile Include="ProcessTool.cpp">
      <Filter>common</Filter>
    </ClCompile>
    <ClCompile Include="ShareStruct.cpp">
      <Filter>common</Filter>
    </ClCompile>
    <ClCompile Include="StringTool.cpp">
      <Filter>common</Filter>
    </ClCompile>
    <ClCompile Include="SystemTool.cpp">
      <Filter>common</Filter>
    </ClCompile>
    <ClCompile Include="InlineHook.cpp">
      <Filter>common</Filter>
    </ClCompile>
    <ClCompile Include="Language.cpp">
      <Filter>other</Filter>
    </ClCompile>
    <ClCompile Include="TimeTool.cpp">
      <Filter>common</Filter>
    </ClCompile>
    <ClCompile Include="tinyxml2.cpp">
      <Filter>common</Filter>
    </ClCompile>
    <ClCompile Include="PipeClient.cpp">
      <Filter>common</Filter>
    </ClCompile>
    <ClCompile Include="PipeServer.cpp">
      <Filter>common</Filter>
    </ClCompile>
    <ClCompile Include="Verification.cpp">
      <Filter>common</Filter>
    </ClCompile>
    <ClCompile Include="ScreeShot.cpp">
      <Filter>common</Filter>
    </ClCompile>
    <ClCompile Include="KeySimulation.cpp">
      <Filter>common</Filter>
    </ClCompile>
    <ClCompile Include="TimerFlag.cpp">
      <Filter>common</Filter>
    </ClCompile>
    <ClCompile Include="CmdParse.cpp">
      <Filter>源文件</Filter>
    </ClCompile>
    <ClCompile Include="SimpleLog.cpp">
      <Filter>common</Filter>
    </ClCompile>
    <ClCompile Include="CInlineHookEx.cpp">
      <Filter>源文件</Filter>
    </ClCompile>
    <ClCompile Include="NakedHook.cpp">
      <Filter>源文件</Filter>
    </ClCompile>
    <ClCompile Include="ZHook.cpp">
      <Filter>源文件</Filter>
    </ClCompile>
    <ClCompile Include="DelayCall.cpp">
      <Filter>源文件</Filter>
    </ClCompile>
    <ClCompile Include="OnceCall.cpp">
      <Filter>源文件</Filter>
    </ClCompile>
    <ClCompile Include="ThreadPool.cpp">
      <Filter>源文件</Filter>
    </ClCompile>
  </ItemGroup>
</Project>